Microsoft Visual Studio Solution File, Format Version 12.00
# Visual Studio 15
VisualStudioVersion = 15.0.27130.2036
MinimumVisualStudioVersion = 15.0.26124.0
Project("{2150E333-8FDC-42A3-9474-1A3956D46DE8}") = "Solution Items", "Solution Items", "{EBF09B1A-791A-4CA2-AA0F-5C2445A2FEE3}"
	ProjectSection(SolutionItems) = preProject
		.gitignore = .gitignore
		appveyor.yml = appveyor.yml
		build.cake = build.cake
		LICENSE = LICENSE
		README.md = README.md
		RELEASE_NOTES.md = RELEASE_NOTES.md
	EndProjectSection
EndProject
Project("{9A19103F-16F7-4668-BE54-9A1E7A4F7556}") = "LiquidClock", "src\LiquidClock\LiquidClock.csproj", "{A04E9BE0-CD35-4180-A453-A454EB48315C}"
EndProject
Project("{9A19103F-16F7-4668-BE54-9A1E7A4F7556}") = "LiquidClock.Tests", "test\LiquidClock.Tests\LiquidClock.Tests.csproj", "{C4D5AC67-9ABF-49E2-B52C-4C24E06F8895}"
EndProject
Project("{9A19103F-16F7-4668-BE54-9A1E7A4F7556}") = "LiquidClock.Sample", "sample\LiquidClock.Sample\LiquidClock.Sample.csproj", "{C32C92E0-BF63-40A9-9B66-66CA06456C5D}"
EndProject
Global
	GlobalSection(SolutionConfigurationPlatforms) = preSolution
		Debug|Any CPU = Debug|Any CPU
		Debug|x64 = Debug|x64
		Debug|x86 = Debug|x86
		Release|Any CPU = Release|Any CPU
		Release|x64 = Release|x64
		Release|x86 = Release|x86
	EndGlobalSection
	GlobalSection(ProjectConfigurationPlatforms) = postSolution
		{A04E9BE0-CD35-4180-A453-A454EB48315C}.Debug|Any CPU.ActiveCfg = Debug|Any CPU
		{A04E9BE0-CD35-4180-A453-A454EB48315C}.Debug|Any CPU.Build.0 = Debug|Any CPU
		{A04E9BE0-CD35-4180-A453-A454EB48315C}.Debug|x64.ActiveCfg = Debug|Any CPU
		{A04E9BE0-CD35-4180-A453-A454EB48315C}.Debug|x64.Build.0 = Debug|Any CPU
		{A04E9BE0-CD35-4180-A453-A454EB48315C}.Debug|x86.ActiveCfg = Debug|Any CPU
		{A04E9BE0-CD35-4180-A453-A454EB48315C}.Debug|x86.Build.0 = Debug|Any CPU
		{A04E9BE0-CD35-4180-A453-A454EB48315C}.Release|Any CPU.ActiveCfg = Release|Any CPU
		{A04E9BE0-CD35-4180-A453-A454EB48315C}.Release|Any CPU.Build.0 = Release|Any CPU
		{A04E9BE0-CD35-4180-A453-A454EB48315C}.Release|x64.ActiveCfg = Release|Any CPU
		{A04E9BE0-CD35-4180-A453-A454EB48315C}.Release|x64.Build.0 = Release|Any CPU
		{A04E9BE0-CD35-4180-A453-A454EB48315C}.Release|x86.ActiveCfg = Release|Any CPU
		{A04E9BE0-CD35-4180-A453-A454EB48315C}.Release|x86.Build.0 = Release|Any CPU
		{C4D5AC67-9ABF-49E2-B52C-4C24E06F8895}.Debug|Any CPU.ActiveCfg = Debug|Any CPU
		{C4D5AC67-9ABF-49E2-B52C-4C24E06F8895}.Debug|Any CPU.Build.0 = Debug|Any CPU
		{C4D5AC67-9ABF-49E2-B52C-4C24E06F8895}.Debug|x64.ActiveCfg = Debug|Any CPU
		{C4D5AC67-9ABF-49E2-B52C-4C24E06F8895}.Debug|x64.Build.0 = Debug|Any CPU
		{C4D5AC67-9ABF-49E2-B52C-4C24E06F8895}.Debug|x86.ActiveCfg = Debug|Any CPU
		{C4D5AC67-9ABF-49E2-B52C-4C24E06F8895}.Debug|x86.Build.0 = Debug|Any CPU
		{C4D5AC67-9ABF-49E2-B52C-4C24E06F8895}.Release|Any CPU.ActiveCfg = Release|Any CPU
		{C4D5AC67-9ABF-49E2-B52C-4C24E06F8895}.Release|Any CPU.Build.0 = Release|Any CPU
		{C4D5AC67-9ABF-49E2-B52C-4C24E06F8895}.Release|x64.ActiveCfg = Release|Any CPU
		{C4D5AC67-9ABF-49E2-B52C-4C24E06F8895}.Release|x64.Build.0 = Release|Any CPU
		{C4D5AC67-9ABF-49E2-B52C-4C24E06F8895}.Release|x86.ActiveCfg = Release|Any CPU
		{C4D5AC67-9ABF-49E2-B52C-4C24E06F8895}.Release|x86.Build.0 = Release|Any CPU
		{C32C92E0-BF63-40A9-9B66-66CA06456C5D}.Debug|Any CPU.ActiveCfg = Debug|Any CPU
		{C32C92E0-BF63-40A9-9B66-66CA06456C5D}.Debug|Any CPU.Build.0 = Debug|Any CPU
		{C32C92E0-BF63-40A9-9B66-66CA06456C5D}.Debug|x64.ActiveCfg = Debug|Any CPU
		{C32C92E0-BF63-40A9-9B66-66CA06456C5D}.Debug|x64.Build.0 = Debug|Any CPU
		{C32C92E0-BF63-40A9-9B66-66CA06456C5D}.Debug|x86.ActiveCfg = Debug|Any CPU
		{C32C92E0-BF63-40A9-9B66-66CA06456C5D}.Debug|x86.Build.0 = Debug|Any CPU
		{C32C92E0-BF63-40A9-9B66-66CA06456C5D}.Release|Any CPU.ActiveCfg = Release|Any CPU
		{C32C92E0-BF63-40A9-9B66-66CA06456C5D}.Release|Any CPU.Build.0 = Release|Any CPU
		{C32C92E0-BF63-40A9-9B66-66CA06456C5D}.Release|x64.ActiveCfg = Release|Any CPU
		{C32C92E0-BF63-40A9-9B66-66CA06456C5D}.Release|x64.Build.0 = Release|Any CPU
		{C32C92E0-BF63-40A9-9B66-66CA06456C5D}.Release|x86.ActiveCfg = Release|Any CPU
		{C32C92E0-BF63-40A9-9B66-66CA06456C5D}.Release|x86.Build.0 = Release|Any CPU
	EndGlobalSection
	GlobalSection(SolutionProperties) = preSolution
		HideSolutionNode = FALSE
	EndGlobalSection
	GlobalSection(ExtensibilityGlobals) = postSolution
		SolutionGuid = {39587523-CA3C-41BB-9A68-D323B2E633EB}
	EndGlobalSection
EndGlobal
