
Microsoft Visual Studio Solution File, Format Version 12.00
# Visual Studio 15
VisualStudioVersion = 15.0.27130.2026
MinimumVisualStudioVersion = 15.0.26124.0
Project("{9A19103F-16F7-4668-BE54-9A1E7A4F7556}") = "LiquidClock", "LiquidClock\LiquidClock.csproj", "{BDB25E27-0FF2-447E-A3FA-31884154EAA3}"
EndProject
Project("{9A19103F-16F7-4668-BE54-9A1E7A4F7556}") = "LiquidClock.Tests", "LiquidClock.Tests\LiquidClock.Tests.csproj", "{947B3958-D9CB-4BEC-88E0-1CF37714E26A}"
EndProject
Project("{2150E333-8FDC-42A3-9474-1A3956D46DE8}") = "Solution Items", "Solution Items", "{EBF09B1A-791A-4CA2-AA0F-5C2445A2FEE3}"
	ProjectSection(SolutionItems) = preProject
		.gitignore = .gitignore
		appveyor.yml = appveyor.yml
		LICENSE = LICENSE
		README.md = README.md
	EndProjectSection
EndProject
Global
	GlobalSection(SolutionConfigurationPlatforms) = preSolution
		Debug|Any CPU = Debug|Any CPU
		Debug|x64 = Debug|x64
		Debug|x86 = Debug|x86
		Release|Any CPU = Release|Any CPU
		Release|x64 = Release|x64
		Release|x86 = Release|x86
	EndGlobalSection
	GlobalSection(ProjectConfigurationPlatforms) = postSolution
		{BDB25E27-0FF2-447E-A3FA-31884154EAA3}.Debug|Any CPU.ActiveCfg = Debug|Any CPU
		{BDB25E27-0FF2-447E-A3FA-31884154EAA3}.Debug|Any CPU.Build.0 = Debug|Any CPU
		{BDB25E27-0FF2-447E-A3FA-31884154EAA3}.Debug|x64.ActiveCfg = Debug|Any CPU
		{BDB25E27-0FF2-447E-A3FA-31884154EAA3}.Debug|x64.Build.0 = Debug|Any CPU
		{BDB25E27-0FF2-447E-A3FA-31884154EAA3}.Debug|x86.ActiveCfg = Debug|Any CPU
		{BDB25E27-0FF2-447E-A3FA-31884154EAA3}.Debug|x86.Build.0 = Debug|Any CPU
		{BDB25E27-0FF2-447E-A3FA-31884154EAA3}.Release|Any CPU.ActiveCfg = Release|Any CPU
		{BDB25E27-0FF2-447E-A3FA-31884154EAA3}.Release|Any CPU.Build.0 = Release|Any CPU
		{BDB25E27-0FF2-447E-A3FA-31884154EAA3}.Release|x64.ActiveCfg = Release|Any CPU
		{BDB25E27-0FF2-447E-A3FA-31884154EAA3}.Release|x64.Build.0 = Release|Any CPU
		{BDB25E27-0FF2-447E-A3FA-31884154EAA3}.Release|x86.ActiveCfg = Release|Any CPU
		{BDB25E27-0FF2-447E-A3FA-31884154EAA3}.Release|x86.Build.0 = Release|Any CPU
		{947B3958-D9CB-4BEC-88E0-1CF37714E26A}.Debug|Any CPU.ActiveCfg = Debug|Any CPU
		{947B3958-D9CB-4BEC-88E0-1CF37714E26A}.Debug|Any CPU.Build.0 = Debug|Any CPU
		{947B3958-D9CB-4BEC-88E0-1CF37714E26A}.Debug|x64.ActiveCfg = Debug|Any CPU
		{947B3958-D9CB-4BEC-88E0-1CF37714E26A}.Debug|x64.Build.0 = Debug|Any CPU
		{947B3958-D9CB-4BEC-88E0-1CF37714E26A}.Debug|x86.ActiveCfg = Debug|Any CPU
		{947B3958-D9CB-4BEC-88E0-1CF37714E26A}.Debug|x86.Build.0 = Debug|Any CPU
		{947B3958-D9CB-4BEC-88E0-1CF37714E26A}.Release|Any CPU.ActiveCfg = Release|Any CPU
		{947B3958-D9CB-4BEC-88E0-1CF37714E26A}.Release|Any CPU.Build.0 = Release|Any CPU
		{947B3958-D9CB-4BEC-88E0-1CF37714E26A}.Release|x64.ActiveCfg = Release|Any CPU
		{947B3958-D9CB-4BEC-88E0-1CF37714E26A}.Release|x64.Build.0 = Release|Any CPU
		{947B3958-D9CB-4BEC-88E0-1CF37714E26A}.Release|x86.ActiveCfg = Release|Any CPU
		{947B3958-D9CB-4BEC-88E0-1CF37714E26A}.Release|x86.Build.0 = Release|Any CPU
	EndGlobalSection
	GlobalSection(SolutionProperties) = preSolution
		HideSolutionNode = FALSE
	EndGlobalSection
	GlobalSection(ExtensibilityGlobals) = postSolution
		SolutionGuid = {39587523-CA3C-41BB-9A68-D323B2E633EB}
	EndGlobalSection
EndGlobal
